
Microsoft Visual Studio Solution File, Format Version 12.00
# Visual Studio 14
VisualStudioVersion = 14.0.23107.0
MinimumVisualStudioVersion = 10.0.40219.1
Project("{FAE04EC0-301F-11D3-BF4B-00C04F79EFBC}") = "POC.Owin.AspNet", "POC.Owin.AspNet\POC.Owin.AspNet.csproj", "{0BC2553C-5F45-41A7-A0BC-A3072E7168E2}"
EndProject
Project("{FAE04EC0-301F-11D3-BF4B-00C04F79EFBC}") = "POC.Owin.AspNet.Runner", "POC.Owin.AspNet.Runner\POC.Owin.AspNet.Runner.csproj", "{970B414D-D386-4B27-9027-32D61EA15E63}"
EndProject
Global
	GlobalSection(SolutionConfigurationPlatforms) = preSolution
		Debug|Any CPU = Debug|Any CPU
		Release|Any CPU = Release|Any CPU
	EndGlobalSection
	GlobalSection(ProjectConfigurationPlatforms) = postSolution
		{0BC2553C-5F45-41A7-A0BC-A3072E7168E2}.Debug|Any CPU.ActiveCfg = Debug|Any CPU
		{0BC2553C-5F45-41A7-A0BC-A3072E7168E2}.Debug|Any CPU.Build.0 = Debug|Any CPU
		{0BC2553C-5F45-41A7-A0BC-A3072E7168E2}.Release|Any CPU.ActiveCfg = Release|Any CPU
		{0BC2553C-5F45-41A7-A0BC-A3072E7168E2}.Release|Any CPU.Build.0 = Release|Any CPU
		{970B414D-D386-4B27-9027-32D61EA15E63}.Debug|Any CPU.ActiveCfg = Debug|Any CPU
		{970B414D-D386-4B27-9027-32D61EA15E63}.Debug|Any CPU.Build.0 = Debug|Any CPU
		{970B414D-D386-4B27-9027-32D61EA15E63}.Release|Any CPU.ActiveCfg = Release|Any CPU
		{970B414D-D386-4B27-9027-32D61EA15E63}.Release|Any CPU.Build.0 = Release|Any CPU
	EndGlobalSection
	GlobalSection(SolutionProperties) = preSolution
		HideSolutionNode = FALSE
	EndGlobalSection
EndGlobal
